// !$*UTF8*$!
{
	archiveVersion = 1;
	classes = {
	};
	objectVersion = 46;
	objects = {

/* Begin PBXBuildFile section */
		8F1726C72080B4F800AD5CE9 /* TextCell.m in Sources */ = {isa = PBXBuildFile; fileRef = 8F1726C62080B4F800AD5CE9 /* TextCell.m */; };
		8F5E9FA61C38F3930035C87A /* main.m in Sources */ = {isa = PBXBuildFile; fileRef = 8F5E9FA51C38F3930035C87A /* main.m */; };
		8F5E9FA91C38F3930035C87A /* AppDelegate.m in Sources */ = {isa = PBXBuildFile; fileRef = 8F5E9FA81C38F3930035C87A /* AppDelegate.m */; };
		8F5E9FAF1C38F3930035C87A /* Main.storyboard in Resources */ = {isa = PBXBuildFile; fileRef = 8F5E9FAD1C38F3930035C87A /* Main.storyboard */; };
		8F5E9FB11C38F3930035C87A /* Assets.xcassets in Resources */ = {isa = PBXBuildFile; fileRef = 8F5E9FB01C38F3930035C87A /* Assets.xcassets */; };
		8F5E9FB41C38F3930035C87A /* LaunchScreen.storyboard in Resources */ = {isa = PBXBuildFile; fileRef = 8F5E9FB21C38F3930035C87A /* LaunchScreen.storyboard */; };
		8F5E9FBF1C38F3940035C87A /* JKFocusMap_masterTests.m in Sources */ = {isa = PBXBuildFile; fileRef = 8F5E9FBE1C38F3940035C87A /* JKFocusMap_masterTests.m */; };
		8F5E9FCA1C38F3940035C87A /* JKFocusMap_masterUITests.m in Sources */ = {isa = PBXBuildFile; fileRef = 8F5E9FC91C38F3940035C87A /* JKFocusMap_masterUITests.m */; };
		8F6BBFE41C47AB08009BC1A2 /* UIKit.framework in Frameworks */ = {isa = PBXBuildFile; fileRef = 8F6BBFE31C47AB08009BC1A2 /* UIKit.framework */; };
		8F6BBFE61C47AB14009BC1A2 /* Foundation.framework in Frameworks */ = {isa = PBXBuildFile; fileRef = 8F6BBFE51C47AB13009BC1A2 /* Foundation.framework */; };
		8F6BBFE81C47AB23009BC1A2 /* CoreGraphics.framework in Frameworks */ = {isa = PBXBuildFile; fileRef = 8F6BBFE71C47AB23009BC1A2 /* CoreGraphics.framework */; };
		8F844E5E1C51D6AA00BFEBA9 /* JKFocusMapSetView.m in Sources */ = {isa = PBXBuildFile; fileRef = 8F844E5D1C51D6AA00BFEBA9 /* JKFocusMapSetView.m */; };
		8F844E601C51D6C600BFEBA9 /* JKFocusMapSetView.xib in Resources */ = {isa = PBXBuildFile; fileRef = 8F844E5F1C51D6C600BFEBA9 /* JKFocusMapSetView.xib */; };
		8FA16BB61C48A850007700C3 /* IMG_0366.jpg in Resources */ = {isa = PBXBuildFile; fileRef = 8FA16B7B1C48A850007700C3 /* IMG_0366.jpg */; };
		8FA16BB71C48A850007700C3 /* JKTestData.m in Sources */ = {isa = PBXBuildFile; fileRef = 8FA16B7E1C48A850007700C3 /* JKTestData.m */; };
		8FA16BB81C48A850007700C3 /* JKTestModel.m in Sources */ = {isa = PBXBuildFile; fileRef = 8FA16B801C48A850007700C3 /* JKTestModel.m */; };
		8FA16BB91C48A850007700C3 /* NetTextModel.json in Resources */ = {isa = PBXBuildFile; fileRef = 8FA16B821C48A850007700C3 /* NetTextModel.json */; };
		8FA16BCC1C48A850007700C3 /* JKWebViewController.m in Sources */ = {isa = PBXBuildFile; fileRef = 8FA16BAD1C48A850007700C3 /* JKWebViewController.m */; };
		8FA16BCF1C48A850007700C3 /* ViewController.m in Sources */ = {isa = PBXBuildFile; fileRef = 8FA16BB21C48A850007700C3 /* ViewController.m */; };
		8FA16BD01C48A850007700C3 /* JKFocusMapView.m in Sources */ = {isa = PBXBuildFile; fileRef = 8FA16BB51C48A850007700C3 /* JKFocusMapView.m */; };
		8FA16BD21C48DC53007700C3 /* VCName.plist in Resources */ = {isa = PBXBuildFile; fileRef = 8FA16BD11C48DC52007700C3 /* VCName.plist */; };
		8FA16BF01C48EFDA007700C3 /* TypeFirstVC.m in Sources */ = {isa = PBXBuildFile; fileRef = 8FA16BEE1C48EFDA007700C3 /* TypeFirstVC.m */; };
		8FA16BF31C48F1E8007700C3 /* TypeFirstVC.xib in Resources */ = {isa = PBXBuildFile; fileRef = 8FA16BF21C48F1E8007700C3 /* TypeFirstVC.xib */; };
		8FA16BF61C48F289007700C3 /* BaseVC.m in Sources */ = {isa = PBXBuildFile; fileRef = 8FA16BF51C48F289007700C3 /* BaseVC.m */; };
		8FA16BFA1C48F4C7007700C3 /* TypeSecondVC.m in Sources */ = {isa = PBXBuildFile; fileRef = 8FA16BF81C48F4C7007700C3 /* TypeSecondVC.m */; };
		8FA16BFB1C48F4C7007700C3 /* TypeSecondVC.xib in Resources */ = {isa = PBXBuildFile; fileRef = 8FA16BF91C48F4C7007700C3 /* TypeSecondVC.xib */; };
		8FA16C041C48F534007700C3 /* TypeThirdVC.m in Sources */ = {isa = PBXBuildFile; fileRef = 8FA16C021C48F534007700C3 /* TypeThirdVC.m */; };
		8FA16C051C48F534007700C3 /* TypeThirdVC.xib in Resources */ = {isa = PBXBuildFile; fileRef = 8FA16C031C48F534007700C3 /* TypeThirdVC.xib */; };
		8FECC7121C4E28D000F1C7C7 /* localImage1.jpg in Resources */ = {isa = PBXBuildFile; fileRef = 8FECC70C1C4E28D000F1C7C7 /* localImage1.jpg */; };
		8FECC7131C4E28D000F1C7C7 /* localImage2.jpg in Resources */ = {isa = PBXBuildFile; fileRef = 8FECC70D1C4E28D000F1C7C7 /* localImage2.jpg */; };
		8FECC7141C4E28D000F1C7C7 /* localImage3.jpg in Resources */ = {isa = PBXBuildFile; fileRef = 8FECC70E1C4E28D000F1C7C7 /* localImage3.jpg */; };
		8FECC7151C4E28D000F1C7C7 /* localImage4.jpg in Resources */ = {isa = PBXBuildFile; fileRef = 8FECC70F1C4E28D000F1C7C7 /* localImage4.jpg */; };
		8FECC7161C4E28D000F1C7C7 /* localImage5.jpg in Resources */ = {isa = PBXBuildFile; fileRef = 8FECC7101C4E28D000F1C7C7 /* localImage5.jpg */; };
		8FECC7171C4E28D000F1C7C7 /* localImage6.jpg in Resources */ = {isa = PBXBuildFile; fileRef = 8FECC7111C4E28D000F1C7C7 /* localImage6.jpg */; };
		8FECC7191C4E290D00F1C7C7 /* LocalImageName.plist in Resources */ = {isa = PBXBuildFile; fileRef = 8FECC7181C4E290D00F1C7C7 /* LocalImageName.plist */; };
		8FF1F6F01C4CF75700BEC85C /* newsDefault.png in Resources */ = {isa = PBXBuildFile; fileRef = 8FF1F6EF1C4CF75700BEC85C /* newsDefault.png */; };
		BD1164524068943453C074A7 /* libPods.a in Frameworks */ = {isa = PBXBuildFile; fileRef = E631C47F647A64533ED1AB3C /* libPods.a */; };
/* End PBXBuildFile section */

/* Begin PBXContainerItemProxy section */
		8F5E9FBB1C38F3940035C87A /* PBXContainerItemProxy */ = {
			isa = PBXContainerItemProxy;
			containerPortal = 8F5E9F991C38F3930035C87A /* Project object */;
			proxyType = 1;
			remoteGlobalIDString = 8F5E9FA01C38F3930035C87A;
			remoteInfo = "JKFocusMap-master";
		};
		8F5E9FC61C38F3940035C87A /* PBXContainerItemProxy */ = {
			isa = PBXContainerItemProxy;
			containerPortal = 8F5E9F991C38F3930035C87A /* Project object */;
			proxyType = 1;
			remoteGlobalIDString = 8F5E9FA01C38F3930035C87A;
			remoteInfo = "JKFocusMap-master";
		};
/* End PBXContainerItemProxy section */

/* Begin PBXFileReference section */
		2431A9E7254A63DD42F4948F /* Pods.release.xcconfig */ = {isa = PBXFileReference; includeInIndex = 1; lastKnownFileType = text.xcconfig; name = Pods.release.xcconfig; path = "Pods/Target Support Files/Pods/Pods.release.xcconfig"; sourceTree = "<group>"; };
		8F1726C52080B4F800AD5CE9 /* TextCell.h */ = {isa = PBXFileReference; lastKnownFileType = sourcecode.c.h; path = TextCell.h; sourceTree = "<group>"; };
		8F1726C62080B4F800AD5CE9 /* TextCell.m */ = {isa = PBXFileReference; lastKnownFileType = sourcecode.c.objc; path = TextCell.m; sourceTree = "<group>"; };
		8F5E9FA11C38F3930035C87A /* JKFocusMap-master.app */ = {isa = PBXFileReference; explicitFileType = wrapper.application; includeInIndex = 0; path = "JKFocusMap-master.app"; sourceTree = BUILT_PRODUCTS_DIR; };
		8F5E9FA51C38F3930035C87A /* main.m */ = {isa = PBXFileReference; lastKnownFileType = sourcecode.c.objc; path = main.m; sourceTree = "<group>"; };
		8F5E9FA71C38F3930035C87A /* AppDelegate.h */ = {isa = PBXFileReference; lastKnownFileType = sourcecode.c.h; path = AppDelegate.h; sourceTree = "<group>"; };
		8F5E9FA81C38F3930035C87A /* AppDelegate.m */ = {isa = PBXFileReference; lastKnownFileType = sourcecode.c.objc; path = AppDelegate.m; sourceTree = "<group>"; };
		8F5E9FAE1C38F3930035C87A /* Base */ = {isa = PBXFileReference; lastKnownFileType = file.storyboard; name = Base; path = Base.lproj/Main.storyboard; sourceTree = "<group>"; };
		8F5E9FB01C38F3930035C87A /* Assets.xcassets */ = {isa = PBXFileReference; lastKnownFileType = folder.assetcatalog; path = Assets.xcassets; sourceTree = "<group>"; };
		8F5E9FB31C38F3930035C87A /* Base */ = {isa = PBXFileReference; lastKnownFileType = file.storyboard; name = Base; path = Base.lproj/LaunchScreen.storyboard; sourceTree = "<group>"; };
		8F5E9FB51C38F3930035C87A /* Info.plist */ = {isa = PBXFileReference; lastKnownFileType = text.plist.xml; path = Info.plist; sourceTree = "<group>"; };
		8F5E9FBA1C38F3940035C87A /* JKFocusMap-masterTests.xctest */ = {isa = PBXFileReference; explicitFileType = wrapper.cfbundle; includeInIndex = 0; path = "JKFocusMap-masterTests.xctest"; sourceTree = BUILT_PRODUCTS_DIR; };
		8F5E9FBE1C38F3940035C87A /* JKFocusMap_masterTests.m */ = {isa = PBXFileReference; lastKnownFileType = sourcecode.c.objc; path = JKFocusMap_masterTests.m; sourceTree = "<group>"; };
		8F5E9FC01C38F3940035C87A /* Info.plist */ = {isa = PBXFileReference; lastKnownFileType = text.plist.xml; path = Info.plist; sourceTree = "<group>"; };
		8F5E9FC51C38F3940035C87A /* JKFocusMap-masterUITests.xctest */ = {isa = PBXFileReference; explicitFileType = wrapper.cfbundle; includeInIndex = 0; path = "JKFocusMap-masterUITests.xctest"; sourceTree = BUILT_PRODUCTS_DIR; };
		8F5E9FC91C38F3940035C87A /* JKFocusMap_masterUITests.m */ = {isa = PBXFileReference; lastKnownFileType = sourcecode.c.objc; path = JKFocusMap_masterUITests.m; sourceTree = "<group>"; };
		8F5E9FCB1C38F3940035C87A /* Info.plist */ = {isa = PBXFileReference; lastKnownFileType = text.plist.xml; path = Info.plist; sourceTree = "<group>"; };
		8F6BBFE31C47AB08009BC1A2 /* UIKit.framework */ = {isa = PBXFileReference; lastKnownFileType = wrapper.framework; name = UIKit.framework; path = System/Library/Frameworks/UIKit.framework; sourceTree = SDKROOT; };
		8F6BBFE51C47AB13009BC1A2 /* Foundation.framework */ = {isa = PBXFileReference; lastKnownFileType = wrapper.framework; name = Foundation.framework; path = System/Library/Frameworks/Foundation.framework; sourceTree = SDKROOT; };
		8F6BBFE71C47AB23009BC1A2 /* CoreGraphics.framework */ = {isa = PBXFileReference; lastKnownFileType = wrapper.framework; name = CoreGraphics.framework; path = System/Library/Frameworks/CoreGraphics.framework; sourceTree = SDKROOT; };
		8F844E5C1C51D6AA00BFEBA9 /* JKFocusMapSetView.h */ = {isa = PBXFileReference; fileEncoding = 4; lastKnownFileType = sourcecode.c.h; path = JKFocusMapSetView.h; sourceTree = "<group>"; };
		8F844E5D1C51D6AA00BFEBA9 /* JKFocusMapSetView.m */ = {isa = PBXFileReference; fileEncoding = 4; lastKnownFileType = sourcecode.c.objc; path = JKFocusMapSetView.m; sourceTree = "<group>"; };
		8F844E5F1C51D6C600BFEBA9 /* JKFocusMapSetView.xib */ = {isa = PBXFileReference; fileEncoding = 4; lastKnownFileType = file.xib; path = JKFocusMapSetView.xib; sourceTree = "<group>"; };
		8FA16B7B1C48A850007700C3 /* IMG_0366.jpg */ = {isa = PBXFileReference; lastKnownFileType = image.jpeg; path = IMG_0366.jpg; sourceTree = "<group>"; };
		8FA16B7D1C48A850007700C3 /* JKTestData.h */ = {isa = PBXFileReference; fileEncoding = 4; lastKnownFileType = sourcecode.c.h; path = JKTestData.h; sourceTree = "<group>"; };
		8FA16B7E1C48A850007700C3 /* JKTestData.m */ = {isa = PBXFileReference; fileEncoding = 4; lastKnownFileType = sourcecode.c.objc; path = JKTestData.m; sourceTree = "<group>"; };
		8FA16B7F1C48A850007700C3 /* JKTestModel.h */ = {isa = PBXFileReference; fileEncoding = 4; lastKnownFileType = sourcecode.c.h; path = JKTestModel.h; sourceTree = "<group>"; };
		8FA16B801C48A850007700C3 /* JKTestModel.m */ = {isa = PBXFileReference; fileEncoding = 4; lastKnownFileType = sourcecode.c.objc; path = JKTestModel.m; sourceTree = "<group>"; };
		8FA16B811C48A850007700C3 /* JKTextModelHeader.h */ = {isa = PBXFileReference; fileEncoding = 4; lastKnownFileType = sourcecode.c.h; path = JKTextModelHeader.h; sourceTree = "<group>"; };
		8FA16B821C48A850007700C3 /* NetTextModel.json */ = {isa = PBXFileReference; fileEncoding = 4; lastKnownFileType = text.json; path = NetTextModel.json; sourceTree = "<group>"; };
		8FA16BAC1C48A850007700C3 /* JKWebViewController.h */ = {isa = PBXFileReference; fileEncoding = 4; lastKnownFileType = sourcecode.c.h; path = JKWebViewController.h; sourceTree = "<group>"; };
		8FA16BAD1C48A850007700C3 /* JKWebViewController.m */ = {isa = PBXFileReference; fileEncoding = 4; lastKnownFileType = sourcecode.c.objc; path = JKWebViewController.m; sourceTree = "<group>"; };
		8FA16BB11C48A850007700C3 /* ViewController.h */ = {isa = PBXFileReference; fileEncoding = 4; lastKnownFileType = sourcecode.c.h; path = ViewController.h; sourceTree = "<group>"; };
		8FA16BB21C48A850007700C3 /* ViewController.m */ = {isa = PBXFileReference; fileEncoding = 4; lastKnownFileType = sourcecode.c.objc; path = ViewController.m; sourceTree = "<group>"; };
		8FA16BB41C48A850007700C3 /* JKFocusMapView.h */ = {isa = PBXFileReference; fileEncoding = 4; lastKnownFileType = sourcecode.c.h; path = JKFocusMapView.h; sourceTree = "<group>"; };
		8FA16BB51C48A850007700C3 /* JKFocusMapView.m */ = {isa = PBXFileReference; fileEncoding = 4; lastKnownFileType = sourcecode.c.objc; path = JKFocusMapView.m; sourceTree = "<group>"; };
		8FA16BD11C48DC52007700C3 /* VCName.plist */ = {isa = PBXFileReference; fileEncoding = 4; lastKnownFileType = text.plist.xml; path = VCName.plist; sourceTree = "<group>"; };
		8FA16BED1C48EFDA007700C3 /* TypeFirstVC.h */ = {isa = PBXFileReference; fileEncoding = 4; lastKnownFileType = sourcecode.c.h; path = TypeFirstVC.h; sourceTree = "<group>"; };
		8FA16BEE1C48EFDA007700C3 /* TypeFirstVC.m */ = {isa = PBXFileReference; fileEncoding = 4; lastKnownFileType = sourcecode.c.objc; path = TypeFirstVC.m; sourceTree = "<group>"; };
		8FA16BF21C48F1E8007700C3 /* TypeFirstVC.xib */ = {isa = PBXFileReference; fileEncoding = 4; lastKnownFileType = file.xib; path = TypeFirstVC.xib; sourceTree = "<group>"; };
		8FA16BF41C48F289007700C3 /* BaseVC.h */ = {isa = PBXFileReference; fileEncoding = 4; lastKnownFileType = sourcecode.c.h; path = BaseVC.h; sourceTree = "<group>"; };
		8FA16BF51C48F289007700C3 /* BaseVC.m */ = {isa = PBXFileReference; fileEncoding = 4; lastKnownFileType = sourcecode.c.objc; path = BaseVC.m; sourceTree = "<group>"; };
		8FA16BF71C48F4C7007700C3 /* TypeSecondVC.h */ = {isa = PBXFileReference; fileEncoding = 4; lastKnownFileType = sourcecode.c.h; path = TypeSecondVC.h; sourceTree = "<group>"; };
		8FA16BF81C48F4C7007700C3 /* TypeSecondVC.m */ = {isa = PBXFileReference; fileEncoding = 4; lastKnownFileType = sourcecode.c.objc; path = TypeSecondVC.m; sourceTree = "<group>"; };
		8FA16BF91C48F4C7007700C3 /* TypeSecondVC.xib */ = {isa = PBXFileReference; fileEncoding = 4; lastKnownFileType = file.xib; path = TypeSecondVC.xib; sourceTree = "<group>"; };
		8FA16C011C48F534007700C3 /* TypeThirdVC.h */ = {isa = PBXFileReference; fileEncoding = 4; lastKnownFileType = sourcecode.c.h; path = TypeThirdVC.h; sourceTree = "<group>"; };
		8FA16C021C48F534007700C3 /* TypeThirdVC.m */ = {isa = PBXFileReference; fileEncoding = 4; lastKnownFileType = sourcecode.c.objc; path = TypeThirdVC.m; sourceTree = "<group>"; };
		8FA16C031C48F534007700C3 /* TypeThirdVC.xib */ = {isa = PBXFileReference; fileEncoding = 4; lastKnownFileType = file.xib; path = TypeThirdVC.xib; sourceTree = "<group>"; };
		8FECC70C1C4E28D000F1C7C7 /* localImage1.jpg */ = {isa = PBXFileReference; lastKnownFileType = image.jpeg; path = localImage1.jpg; sourceTree = "<group>"; };
		8FECC70D1C4E28D000F1C7C7 /* localImage2.jpg */ = {isa = PBXFileReference; lastKnownFileType = image.jpeg; path = localImage2.jpg; sourceTree = "<group>"; };
		8FECC70E1C4E28D000F1C7C7 /* localImage3.jpg */ = {isa = PBXFileReference; lastKnownFileType = image.jpeg; path = localImage3.jpg; sourceTree = "<group>"; };
		8FECC70F1C4E28D000F1C7C7 /* localImage4.jpg */ = {isa = PBXFileReference; lastKnownFileType = image.jpeg; path = localImage4.jpg; sourceTree = "<group>"; };
		8FECC7101C4E28D000F1C7C7 /* localImage5.jpg */ = {isa = PBXFileReference; lastKnownFileType = image.jpeg; path = localImage5.jpg; sourceTree = "<group>"; };
		8FECC7111C4E28D000F1C7C7 /* localImage6.jpg */ = {isa = PBXFileReference; lastKnownFileType = image.jpeg; path = localImage6.jpg; sourceTree = "<group>"; };
		8FECC7181C4E290D00F1C7C7 /* LocalImageName.plist */ = {isa = PBXFileReference; fileEncoding = 4; lastKnownFileType = text.plist.xml; path = LocalImageName.plist; sourceTree = "<group>"; };
		8FF1F6EF1C4CF75700BEC85C /* newsDefault.png */ = {isa = PBXFileReference; lastKnownFileType = image.png; path = newsDefault.png; sourceTree = "<group>"; };
		E631C47F647A64533ED1AB3C /* libPods.a */ = {isa = PBXFileReference; explicitFileType = archive.ar; includeInIndex = 0; path = libPods.a; sourceTree = BUILT_PRODUCTS_DIR; };
		EF9FC2160427407AE48F351B /* Pods.debug.xcconfig */ = {isa = PBXFileReference; includeInIndex = 1; lastKnownFileType = text.xcconfig; name = Pods.debug.xcconfig; path = "Pods/Target Support Files/Pods/Pods.debug.xcconfig"; sourceTree = "<group>"; };
/* End PBXFileReference section */

/* Begin PBXFrameworksBuildPhase section */
		8F5E9F9E1C38F3930035C87A /* Frameworks */ = {
			isa = PBXFrameworksBuildPhase;
			buildActionMask = 2147483647;
			files = (
				8F6BBFE81C47AB23009BC1A2 /* CoreGraphics.framework in Frameworks */,
				8F6BBFE61C47AB14009BC1A2 /* Foundation.framework in Frameworks */,
				8F6BBFE41C47AB08009BC1A2 /* UIKit.framework in Frameworks */,
				BD1164524068943453C074A7 /* libPods.a in Frameworks */,
			);
			runOnlyForDeploymentPostprocessing = 0;
		};
		8F5E9FB71C38F3940035C87A /* Frameworks */ = {
			isa = PBXFrameworksBuildPhase;
			buildActionMask = 2147483647;
			files = (
			);
			runOnlyForDeploymentPostprocessing = 0;
		};
		8F5E9FC21C38F3940035C87A /* Frameworks */ = {
			isa = PBXFrameworksBuildPhase;
			buildActionMask = 2147483647;
			files = (
			);
			runOnlyForDeploymentPostprocessing = 0;
		};
/* End PBXFrameworksBuildPhase section */

/* Begin PBXGroup section */
		2B7930EC60E85227FE7EF9DE /* Pods */ = {
			isa = PBXGroup;
			children = (
				EF9FC2160427407AE48F351B /* Pods.debug.xcconfig */,
				2431A9E7254A63DD42F4948F /* Pods.release.xcconfig */,
			);
			name = Pods;
			sourceTree = "<group>";
		};
		8F5E9F981C38F3930035C87A = {
			isa = PBXGroup;
			children = (
				8F6BBFE21C47AAED009BC1A2 /* Frameworks */,
				8F5E9FA31C38F3930035C87A /* JKFocusMap-master */,
				8F5E9FBD1C38F3940035C87A /* JKFocusMap-masterTests */,
				8F5E9FC81C38F3940035C87A /* JKFocusMap-masterUITests */,
				8F5E9FA21C38F3930035C87A /* Products */,
				2B7930EC60E85227FE7EF9DE /* Pods */,
			);
			sourceTree = "<group>";
		};
		8F5E9FA21C38F3930035C87A /* Products */ = {
			isa = PBXGroup;
			children = (
				8F5E9FA11C38F3930035C87A /* JKFocusMap-master.app */,
				8F5E9FBA1C38F3940035C87A /* JKFocusMap-masterTests.xctest */,
				8F5E9FC51C38F3940035C87A /* JKFocusMap-masterUITests.xctest */,
			);
			name = Products;
			sourceTree = "<group>";
		};
		8F5E9FA31C38F3930035C87A /* JKFocusMap-master */ = {
			isa = PBXGroup;
			children = (
				8F5E9FA71C38F3930035C87A /* AppDelegate.h */,
				8F5E9FA81C38F3930035C87A /* AppDelegate.m */,
				8FA16B7A1C48A850007700C3 /* Image */,
				8FA16B7C1C48A850007700C3 /* Model */,
				8FA16B831C48A850007700C3 /* Tool */,
				8FA16BAB1C48A850007700C3 /* VC */,
				8FA16BB31C48A850007700C3 /* View */,
				8F5E9FAD1C38F3930035C87A /* Main.storyboard */,
				8F5E9FB01C38F3930035C87A /* Assets.xcassets */,
				8F5E9FB21C38F3930035C87A /* LaunchScreen.storyboard */,
				8F5E9FB51C38F3930035C87A /* Info.plist */,
				8F5E9FA41C38F3930035C87A /* Supporting Files */,
			);
			path = "JKFocusMap-master";
			sourceTree = "<group>";
		};
		8F5E9FA41C38F3930035C87A /* Supporting Files */ = {
			isa = PBXGroup;
			children = (
				8F5E9FA51C38F3930035C87A /* main.m */,
			);
			name = "Supporting Files";
			sourceTree = "<group>";
		};
		8F5E9FBD1C38F3940035C87A /* JKFocusMap-masterTests */ = {
			isa = PBXGroup;
			children = (
				8F5E9FBE1C38F3940035C87A /* JKFocusMap_masterTests.m */,
				8F5E9FC01C38F3940035C87A /* Info.plist */,
			);
			path = "JKFocusMap-masterTests";
			sourceTree = "<group>";
		};
		8F5E9FC81C38F3940035C87A /* JKFocusMap-masterUITests */ = {
			isa = PBXGroup;
			children = (
				8F5E9FC91C38F3940035C87A /* JKFocusMap_masterUITests.m */,
				8F5E9FCB1C38F3940035C87A /* Info.plist */,
			);
			path = "JKFocusMap-masterUITests";
			sourceTree = "<group>";
		};
		8F6BBFE21C47AAED009BC1A2 /* Frameworks */ = {
			isa = PBXGroup;
			children = (
				8F6BBFE71C47AB23009BC1A2 /* CoreGraphics.framework */,
				8F6BBFE51C47AB13009BC1A2 /* Foundation.framework */,
				8F6BBFE31C47AB08009BC1A2 /* UIKit.framework */,
				E631C47F647A64533ED1AB3C /* libPods.a */,
			);
			name = Frameworks;
			sourceTree = "<group>";
		};
		8FA16B7A1C48A850007700C3 /* Image */ = {
			isa = PBXGroup;
			children = (
				8FECC70C1C4E28D000F1C7C7 /* localImage1.jpg */,
				8FECC70D1C4E28D000F1C7C7 /* localImage2.jpg */,
				8FECC70E1C4E28D000F1C7C7 /* localImage3.jpg */,
				8FECC70F1C4E28D000F1C7C7 /* localImage4.jpg */,
				8FECC7101C4E28D000F1C7C7 /* localImage5.jpg */,
				8FECC7111C4E28D000F1C7C7 /* localImage6.jpg */,
				8FF1F6EF1C4CF75700BEC85C /* newsDefault.png */,
				8FA16B7B1C48A850007700C3 /* IMG_0366.jpg */,
			);
			path = Image;
			sourceTree = "<group>";
		};
		8FA16B7C1C48A850007700C3 /* Model */ = {
			isa = PBXGroup;
			children = (
				8FA16B7D1C48A850007700C3 /* JKTestData.h */,
				8FA16B7E1C48A850007700C3 /* JKTestData.m */,
				8FA16B7F1C48A850007700C3 /* JKTestModel.h */,
				8FA16B801C48A850007700C3 /* JKTestModel.m */,
				8FA16B811C48A850007700C3 /* JKTextModelHeader.h */,
				8FA16B821C48A850007700C3 /* NetTextModel.json */,
				8FA16BD11C48DC52007700C3 /* VCName.plist */,
				8FECC7181C4E290D00F1C7C7 /* LocalImageName.plist */,
			);
			path = Model;
			sourceTree = "<group>";
		};
		8FA16B831C48A850007700C3 /* Tool */ = {
			isa = PBXGroup;
			children = (
			);
			path = Tool;
			sourceTree = "<group>";
		};
		8FA16BAB1C48A850007700C3 /* VC */ = {
			isa = PBXGroup;
			children = (
				8FA16BB11C48A850007700C3 /* ViewController.h */,
				8FA16BB21C48A850007700C3 /* ViewController.m */,
				8FA16BF41C48F289007700C3 /* BaseVC.h */,
				8FA16BF51C48F289007700C3 /* BaseVC.m */,
				8FA16BED1C48EFDA007700C3 /* TypeFirstVC.h */,
				8FA16BEE1C48EFDA007700C3 /* TypeFirstVC.m */,
				8FA16BF21C48F1E8007700C3 /* TypeFirstVC.xib */,
				8FA16BF71C48F4C7007700C3 /* TypeSecondVC.h */,
				8FA16BF81C48F4C7007700C3 /* TypeSecondVC.m */,
				8FA16BF91C48F4C7007700C3 /* TypeSecondVC.xib */,
				8FA16C011C48F534007700C3 /* TypeThirdVC.h */,
				8FA16C021C48F534007700C3 /* TypeThirdVC.m */,
				8FA16C031C48F534007700C3 /* TypeThirdVC.xib */,
				8FA16BAC1C48A850007700C3 /* JKWebViewController.h */,
				8FA16BAD1C48A850007700C3 /* JKWebViewController.m */,
				8F1726C52080B4F800AD5CE9 /* TextCell.h */,
				8F1726C62080B4F800AD5CE9 /* TextCell.m */,
			);
			path = VC;
			sourceTree = "<group>";
		};
		8FA16BB31C48A850007700C3 /* View */ = {
			isa = PBXGroup;
			children = (
				8FA16BB41C48A850007700C3 /* JKFocusMapView.h */,
				8FA16BB51C48A850007700C3 /* JKFocusMapView.m */,
				8F844E5C1C51D6AA00BFEBA9 /* JKFocusMapSetView.h */,
				8F844E5D1C51D6AA00BFEBA9 /* JKFocusMapSetView.m */,
				8F844E5F1C51D6C600BFEBA9 /* JKFocusMapSetView.xib */,
			);
			path = View;
			sourceTree = "<group>";
		};
/* End PBXGroup section */

/* Begin PBXNativeTarget section */
		8F5E9FA01C38F3930035C87A /* JKFocusMap-master */ = {
			isa = PBXNativeTarget;
			buildConfigurationList = 8F5E9FCE1C38F3940035C87A /* Build configuration list for PBXNativeTarget "JKFocusMap-master" */;
			buildPhases = (
				C20AB7DDBBF5F1F93131E83A /* Check Pods Manifest.lock */,
				8F5E9F9D1C38F3930035C87A /* Sources */,
				8F5E9F9E1C38F3930035C87A /* Frameworks */,
				8F5E9F9F1C38F3930035C87A /* Resources */,
				158EE3F29FE9F71FAC7A70FE /* Embed Pods Frameworks */,
				23AC61CE4D5D4FDF96C8B4CB /* Copy Pods Resources */,
			);
			buildRules = (
			);
			dependencies = (
			);
			name = "JKFocusMap-master";
			productName = "JKFocusMap-master";
			productReference = 8F5E9FA11C38F3930035C87A /* JKFocusMap-master.app */;
			productType = "com.apple.product-type.application";
		};
		8F5E9FB91C38F3940035C87A /* JKFocusMap-masterTests */ = {
			isa = PBXNativeTarget;
			buildConfigurationList = 8F5E9FD11C38F3940035C87A /* Build configuration list for PBXNativeTarget "JKFocusMap-masterTests" */;
			buildPhases = (
				8F5E9FB61C38F3940035C87A /* Sources */,
				8F5E9FB71C38F3940035C87A /* Frameworks */,
				8F5E9FB81C38F3940035C87A /* Resources */,
			);
			buildRules = (
			);
			dependencies = (
				8F5E9FBC1C38F3940035C87A /* PBXTargetDependency */,
			);
			name = "JKFocusMap-masterTests";
			productName = "JKFocusMap-masterTests";
			productReference = 8F5E9FBA1C38F3940035C87A /* JKFocusMap-masterTests.xctest */;
			productType = "com.apple.product-type.bundle.unit-test";
		};
		8F5E9FC41C38F3940035C87A /* JKFocusMap-masterUITests */ = {
			isa = PBXNativeTarget;
			buildConfigurationList = 8F5E9FD41C38F3940035C87A /* Build configuration list for PBXNativeTarget "JKFocusMap-masterUITests" */;
			buildPhases = (
				8F5E9FC11C38F3940035C87A /* Sources */,
				8F5E9FC21C38F3940035C87A /* Frameworks */,
				8F5E9FC31C38F3940035C87A /* Resources */,
			);
			buildRules = (
			);
			dependencies = (
				8F5E9FC71C38F3940035C87A /* PBXTargetDependency */,
			);
			name = "JKFocusMap-masterUITests";
			productName = "JKFocusMap-masterUITests";
			productReference = 8F5E9FC51C38F3940035C87A /* JKFocusMap-masterUITests.xctest */;
			productType = "com.apple.product-type.bundle.ui-testing";
		};
/* End PBXNativeTarget section */

/* Begin PBXProject section */
		8F5E9F991C38F3930035C87A /* Project object */ = {
			isa = PBXProject;
			attributes = {
				LastUpgradeCheck = 0720;
				ORGANIZATIONNAME = jack_wang;
				TargetAttributes = {
					8F5E9FA01C38F3930035C87A = {
						CreatedOnToolsVersion = 7.2;
						DevelopmentTeam = N48F6T4B7E;
					};
					8F5E9FB91C38F3940035C87A = {
						CreatedOnToolsVersion = 7.2;
						TestTargetID = 8F5E9FA01C38F3930035C87A;
					};
					8F5E9FC41C38F3940035C87A = {
						CreatedOnToolsVersion = 7.2;
						TestTargetID = 8F5E9FA01C38F3930035C87A;
					};
				};
			};
			buildConfigurationList = 8F5E9F9C1C38F3930035C87A /* Build configuration list for PBXProject "JKFocusMap-master" */;
			compatibilityVersion = "Xcode 3.2";
			developmentRegion = English;
			hasScannedForEncodings = 0;
			knownRegions = (
				en,
				Base,
			);
			mainGroup = 8F5E9F981C38F3930035C87A;
			productRefGroup = 8F5E9FA21C38F3930035C87A /* Products */;
			projectDirPath = "";
			projectRoot = "";
			targets = (
				8F5E9FA01C38F3930035C87A /* JKFocusMap-master */,
				8F5E9FB91C38F3940035C87A /* JKFocusMap-masterTests */,
				8F5E9FC41C38F3940035C87A /* JKFocusMap-masterUITests */,
			);
		};
/* End PBXProject section */

/* Begin PBXResourcesBuildPhase section */
		8F5E9F9F1C38F3930035C87A /* Resources */ = {
			isa = PBXResourcesBuildPhase;
			buildActionMask = 2147483647;
			files = (
				8FECC7141C4E28D000F1C7C7 /* localImage3.jpg in Resources */,
				8FA16BB91C48A850007700C3 /* NetTextModel.json in Resources */,
				8FECC7171C4E28D000F1C7C7 /* localImage6.jpg in Resources */,
				8FECC7161C4E28D000F1C7C7 /* localImage5.jpg in Resources */,
				8F5E9FB41C38F3930035C87A /* LaunchScreen.storyboard in Resources */,
				8FECC7131C4E28D000F1C7C7 /* localImage2.jpg in Resources */,
				8FECC7191C4E290D00F1C7C7 /* LocalImageName.plist in Resources */,
				8FA16BF31C48F1E8007700C3 /* TypeFirstVC.xib in Resources */,
				8F5E9FB11C38F3930035C87A /* Assets.xcassets in Resources */,
				8FA16BD21C48DC53007700C3 /* VCName.plist in Resources */,
				8FA16BB61C48A850007700C3 /* IMG_0366.jpg in Resources */,
				8FA16BFB1C48F4C7007700C3 /* TypeSecondVC.xib in Resources */,
				8FECC7121C4E28D000F1C7C7 /* localImage1.jpg in Resources */,
				8FA16C051C48F534007700C3 /* TypeThirdVC.xib in Resources */,
				8F844E601C51D6C600BFEBA9 /* JKFocusMapSetView.xib in Resources */,
				8FF1F6F01C4CF75700BEC85C /* newsDefault.png in Resources */,
				8FECC7151C4E28D000F1C7C7 /* localImage4.jpg in Resources */,
				8F5E9FAF1C38F3930035C87A /* Main.storyboard in Resources */,
			);
			runOnlyForDeploymentPostprocessing = 0;
		};
		8F5E9FB81C38F3940035C87A /* Resources */ = {
			isa = PBXResourcesBuildPhase;
			buildActionMask = 2147483647;
			files = (
			);
			runOnlyForDeploymentPostprocessing = 0;
		};
		8F5E9FC31C38F3940035C87A /* Resources */ = {
			isa = PBXResourcesBuildPhase;
			buildActionMask = 2147483647;
			files = (
			);
			runOnlyForDeploymentPostprocessing = 0;
		};
/* End PBXResourcesBuildPhase section */

/* Begin PBXShellScriptBuildPhase section */
		158EE3F29FE9F71FAC7A70FE /* Embed Pods Frameworks */ = {
			isa = PBXShellScriptBuildPhase;
			buildActionMask = 2147483647;
			files = (
			);
			inputPaths = (
			);
			name = "Embed Pods Frameworks";
			outputPaths = (
			);
			runOnlyForDeploymentPostprocessing = 0;
			shellPath = /bin/sh;
			shellScript = "\"${SRCROOT}/Pods/Target Support Files/Pods/Pods-frameworks.sh\"\n";
			showEnvVarsInLog = 0;
		};
		23AC61CE4D5D4FDF96C8B4CB /* Copy Pods Resources */ = {
			isa = PBXShellScriptBuildPhase;
			buildActionMask = 2147483647;
			files = (
			);
			inputPaths = (
			);
			name = "Copy Pods Resources";
			outputPaths = (
			);
			runOnlyForDeploymentPostprocessing = 0;
			shellPath = /bin/sh;
			shellScript = "\"${SRCROOT}/Pods/Target Support Files/Pods/Pods-resources.sh\"\n";
			showEnvVarsInLog = 0;
		};
		C20AB7DDBBF5F1F93131E83A /* Check Pods Manifest.lock */ = {
			isa = PBXShellScriptBuildPhase;
			buildActionMask = 2147483647;
			files = (
			);
			inputPaths = (
			);
			name = "Check Pods Manifest.lock";
			outputPaths = (
			);
			runOnlyForDeploymentPostprocessing = 0;
			shellPath = /bin/sh;
			shellScript = "diff \"${PODS_ROOT}/../Podfile.lock\" \"${PODS_ROOT}/Manifest.lock\" > /dev/null\nif [[ $? != 0 ]] ; then\n    cat << EOM\nerror: The sandbox is not in sync with the Podfile.lock. Run 'pod install' or update your CocoaPods installation.\nEOM\n    exit 1\nfi\n";
			showEnvVarsInLog = 0;
		};
/* End PBXShellScriptBuildPhase section */

/* Begin PBXSourcesBuildPhase section */
		8F5E9F9D1C38F3930035C87A /* Sources */ = {
			isa = PBXSourcesBuildPhase;
			buildActionMask = 2147483647;
			files = (
				8FA16BF61C48F289007700C3 /* BaseVC.m in Sources */,
				8FA16BF01C48EFDA007700C3 /* TypeFirstVC.m in Sources */,
				8F5E9FA91C38F3930035C87A /* AppDelegate.m in Sources */,
				8FA16BCC1C48A850007700C3 /* JKWebViewController.m in Sources */,
				8F844E5E1C51D6AA00BFEBA9 /* JKFocusMapSetView.m in Sources */,
				8F5E9FA61C38F3930035C87A /* main.m in Sources */,
				8FA16BB81C48A850007700C3 /* JKTestModel.m in Sources */,
				8F1726C72080B4F800AD5CE9 /* TextCell.m in Sources */,
				8FA16C041C48F534007700C3 /* TypeThirdVC.m in Sources */,
				8FA16BB71C48A850007700C3 /* JKTestData.m in Sources */,
				8FA16BFA1C48F4C7007700C3 /* TypeSecondVC.m in Sources */,
				8FA16BD01C48A850007700C3 /* JKFocusMapView.m in Sources */,
				8FA16BCF1C48A850007700C3 /* ViewController.m in Sources */,
			);
			runOnlyForDeploymentPostprocessing = 0;
		};
		8F5E9FB61C38F3940035C87A /* Sources */ = {
			isa = PBXSourcesBuildPhase;
			buildActionMask = 2147483647;
			files = (
				8F5E9FBF1C38F3940035C87A /* JKFocusMap_masterTests.m in Sources */,
			);
			runOnlyForDeploymentPostprocessing = 0;
		};
		8F5E9FC11C38F3940035C87A /* Sources */ = {
			isa = PBXSourcesBuildPhase;
			buildActionMask = 2147483647;
			files = (
				8F5E9FCA1C38F3940035C87A /* JKFocusMap_masterUITests.m in Sources */,
			);
			runOnlyForDeploymentPostprocessing = 0;
		};
/* End PBXSourcesBuildPhase section */

/* Begin PBXTargetDependency section */
		8F5E9FBC1C38F3940035C87A /* PBXTargetDependency */ = {
			isa = PBXTargetDependency;
			target = 8F5E9FA01C38F3930035C87A /* JKFocusMap-master */;
			targetProxy = 8F5E9FBB1C38F3940035C87A /* PBXContainerItemProxy */;
		};
		8F5E9FC71C38F3940035C87A /* PBXTargetDependency */ = {
			isa = PBXTargetDependency;
			target = 8F5E9FA01C38F3930035C87A /* JKFocusMap-master */;
			targetProxy = 8F5E9FC61C38F3940035C87A /* PBXContainerItemProxy */;
		};
/* End PBXTargetDependency section */

/* Begin PBXVariantGroup section */
		8F5E9FAD1C38F3930035C87A /* Main.storyboard */ = {
			isa = PBXVariantGroup;
			children = (
				8F5E9FAE1C38F3930035C87A /* Base */,
			);
			name = Main.storyboard;
			sourceTree = "<group>";
		};
		8F5E9FB21C38F3930035C87A /* LaunchScreen.storyboard */ = {
			isa = PBXVariantGroup;
			children = (
				8F5E9FB31C38F3930035C87A /* Base */,
			);
			name = LaunchScreen.storyboard;
			sourceTree = "<group>";
		};
/* End PBXVariantGroup section */

/* Begin XCBuildConfiguration section */
		8F5E9FCC1C38F3940035C87A /* Debug */ = {
			isa = XCBuildConfiguration;
			buildSettings = {
				ALWAYS_SEARCH_USER_PATHS = NO;
				CLANG_CXX_LANGUAGE_STANDARD = "gnu++0x";
				CLANG_CXX_LIBRARY = "libc++";
				CLANG_ENABLE_MODULES = YES;
				CLANG_ENABLE_OBJC_ARC = YES;
				CLANG_WARN_BOOL_CONVERSION = YES;
				CLANG_WARN_CONSTANT_CONVERSION = YES;
				CLANG_WARN_DIRECT_OBJC_ISA_USAGE = YES_ERROR;
				CLANG_WARN_EMPTY_BODY = YES;
				CLANG_WARN_ENUM_CONVERSION = YES;
				CLANG_WARN_INT_CONVERSION = YES;
				CLANG_WARN_OBJC_ROOT_CLASS = YES_ERROR;
				CLANG_WARN_UNREACHABLE_CODE = YES;
				CLANG_WARN__DUPLICATE_METHOD_MATCH = YES;
				"CODE_SIGN_IDENTITY[sdk=iphoneos*]" = "iPhone Developer";
				COPY_PHASE_STRIP = NO;
				DEBUG_INFORMATION_FORMAT = dwarf;
				ENABLE_STRICT_OBJC_MSGSEND = YES;
				ENABLE_TESTABILITY = YES;
				GCC_C_LANGUAGE_STANDARD = gnu99;
				GCC_DYNAMIC_NO_PIC = NO;
				GCC_NO_COMMON_BLOCKS = YES;
				GCC_OPTIMIZATION_LEVEL = 0;
				GCC_PREPROCESSOR_DEFINITIONS = (
					"DEBUG=1",
					"$(inherited)",
				);
				GCC_WARN_64_TO_32_BIT_CONVERSION = YES;
				GCC_WARN_ABOUT_RETURN_TYPE = YES_ERROR;
				GCC_WARN_UNDECLARED_SELECTOR = YES;
				GCC_WARN_UNINITIALIZED_AUTOS = YES_AGGRESSIVE;
				GCC_WARN_UNUSED_FUNCTION = YES;
				GCC_WARN_UNUSED_VARIABLE = YES;
				IPHONEOS_DEPLOYMENT_TARGET = 9.2;
				MTL_ENABLE_DEBUG_INFO = YES;
				ONLY_ACTIVE_ARCH = YES;
				SDKROOT = iphoneos;
			};
			name = Debug;
		};
		8F5E9FCD1C38F3940035C87A /* Release */ = {
			isa = XCBuildConfiguration;
			buildSettings = {
				ALWAYS_SEARCH_USER_PATHS = NO;
				CLANG_CXX_LANGUAGE_STANDARD = "gnu++0x";
				CLANG_CXX_LIBRARY = "libc++";
				CLANG_ENABLE_MODULES = YES;
				CLANG_ENABLE_OBJC_ARC = YES;
				CLANG_WARN_BOOL_CONVERSION = YES;
				CLANG_WARN_CONSTANT_CONVERSION = YES;
				CLANG_WARN_DIRECT_OBJC_ISA_USAGE = YES_ERROR;
				CLANG_WARN_EMPTY_BODY = YES;
				CLANG_WARN_ENUM_CONVERSION = YES;
				CLANG_WARN_INT_CONVERSION = YES;
				CLANG_WARN_OBJC_ROOT_CLASS = YES_ERROR;
				CLANG_WARN_UNREACHABLE_CODE = YES;
				CLANG_WARN__DUPLICATE_METHOD_MATCH = YES;
				"CODE_SIGN_IDENTITY[sdk=iphoneos*]" = "iPhone Developer";
				COPY_PHASE_STRIP = NO;
				DEBUG_INFORMATION_FORMAT = "dwarf-with-dsym";
				ENABLE_NS_ASSERTIONS = NO;
				ENABLE_STRICT_OBJC_MSGSEND = YES;
				GCC_C_LANGUAGE_STANDARD = gnu99;
				GCC_NO_COMMON_BLOCKS = YES;
				GCC_WARN_64_TO_32_BIT_CONVERSION = YES;
				GCC_WARN_ABOUT_RETURN_TYPE = YES_ERROR;
				GCC_WARN_UNDECLARED_SELECTOR = YES;
				GCC_WARN_UNINITIALIZED_AUTOS = YES_AGGRESSIVE;
				GCC_WARN_UNUSED_FUNCTION = YES;
				GCC_WARN_UNUSED_VARIABLE = YES;
				IPHONEOS_DEPLOYMENT_TARGET = 9.2;
				MTL_ENABLE_DEBUG_INFO = NO;
				SDKROOT = iphoneos;
				VALIDATE_PRODUCT = YES;
			};
			name = Release;
		};
		8F5E9FCF1C38F3940035C87A /* Debug */ = {
			isa = XCBuildConfiguration;
			baseConfigurationReference = EF9FC2160427407AE48F351B /* Pods.debug.xcconfig */;
			buildSettings = {
				ASSETCATALOG_COMPILER_APPICON_NAME = AppIcon;
				CODE_SIGN_IDENTITY = "iPhone Developer";
				"CODE_SIGN_IDENTITY[sdk=iphoneos*]" = "iPhone Developer";
				DEVELOPMENT_TEAM = N48F6T4B7E;
				INFOPLIST_FILE = "JKFocusMap-master/Info.plist";
				IPHONEOS_DEPLOYMENT_TARGET = 7.0;
				LD_RUNPATH_SEARCH_PATHS = "$(inherited) @executable_path/Frameworks";
				PRODUCT_BUNDLE_IDENTIFIER = "mtelnet.JKFocusMap-master";
				PRODUCT_NAME = "$(TARGET_NAME)";
				PROVISIONING_PROFILE = "";
			};
			name = Debug;
		};
		8F5E9FD01C38F3940035C87A /* Release */ = {
			isa = XCBuildConfiguration;
			baseConfigurationReference = 2431A9E7254A63DD42F4948F /* Pods.release.xcconfig */;
			buildSettings = {
				ASSETCATALOG_COMPILER_APPICON_NAME = AppIcon;
				CODE_SIGN_IDENTITY = "iPhone Developer";
				"CODE_SIGN_IDENTITY[sdk=iphoneos*]" = "iPhone Developer";
				DEVELOPMENT_TEAM = N48F6T4B7E;
				INFOPLIST_FILE = "JKFocusMap-master/Info.plist";
				IPHONEOS_DEPLOYMENT_TARGET = 7.0;
				LD_RUNPATH_SEARCH_PATHS = "$(inherited) @executable_path/Frameworks";
				PRODUCT_BUNDLE_IDENTIFIER = "mtelnet.JKFocusMap-master";
				PRODUCT_NAME = "$(TARGET_NAME)";
				PROVISIONING_PROFILE = "";
			};
			name = Release;
		};
		8F5E9FD21C38F3940035C87A /* Debug */ = {
			isa = XCBuildConfiguration;
			buildSettings = {
				BUNDLE_LOADER = "$(TEST_HOST)";
				INFOPLIST_FILE = "JKFocusMap-masterTests/Info.plist";
				LD_RUNPATH_SEARCH_PATHS = "$(inherited) @executable_path/Frameworks @loader_path/Frameworks";
				PRODUCT_BUNDLE_IDENTIFIER = "mtelnet.JKFocusMap-masterTests";
				PRODUCT_NAME = "$(TARGET_NAME)";
				TEST_HOST = "$(BUILT_PRODUCTS_DIR)/JKFocusMap-master.app/JKFocusMap-master";
			};
			name = Debug;
		};
		8F5E9FD31C38F3940035C87A /* Release */ = {
			isa = XCBuildConfiguration;
			buildSettings = {
				BUNDLE_LOADER = "$(TEST_HOST)";
				INFOPLIST_FILE = "JKFocusMap-masterTests/Info.plist";
				LD_RUNPATH_SEARCH_PATHS = "$(inherited) @executable_path/Frameworks @loader_path/Frameworks";
				PRODUCT_BUNDLE_IDENTIFIER = "mtelnet.JKFocusMap-masterTests";
				PRODUCT_NAME = "$(TARGET_NAME)";
				TEST_HOST = "$(BUILT_PRODUCTS_DIR)/JKFocusMap-master.app/JKFocusMap-master";
			};
			name = Release;
		};
		8F5E9FD51C38F3940035C87A /* Debug */ = {
			isa = XCBuildConfiguration;
			buildSettings = {
				INFOPLIST_FILE = "JKFocusMap-masterUITests/Info.plist";
				LD_RUNPATH_SEARCH_PATHS = "$(inherited) @executable_path/Frameworks @loader_path/Frameworks";
				PRODUCT_BUNDLE_IDENTIFIER = "mtelnet.JKFocusMap-masterUITests";
				PRODUCT_NAME = "$(TARGET_NAME)";
				TEST_TARGET_NAME = "JKFocusMap-master";
				USES_XCTRUNNER = YES;
			};
			name = Debug;
		};
		8F5E9FD61C38F3940035C87A /* Release */ = {
			isa = XCBuildConfiguration;
			buildSettings = {
				INFOPLIST_FILE = "JKFocusMap-masterUITests/Info.plist";
				LD_RUNPATH_SEARCH_PATHS = "$(inherited) @executable_path/Frameworks @loader_path/Frameworks";
				PRODUCT_BUNDLE_IDENTIFIER = "mtelnet.JKFocusMap-masterUITests";
				PRODUCT_NAME = "$(TARGET_NAME)";
				TEST_TARGET_NAME = "JKFocusMap-master";
				USES_XCTRUNNER = YES;
			};
			name = Release;
		};
/* End XCBuildConfiguration section */

/* Begin XCConfigurationList section */
		8F5E9F9C1C38F3930035C87A /* Build configuration list for PBXProject "JKFocusMap-master" */ = {
			isa = XCConfigurationList;
			buildConfigurations = (
				8F5E9FCC1C38F3940035C87A /* Debug */,
				8F5E9FCD1C38F3940035C87A /* Release */,
			);
			defaultConfigurationIsVisible = 0;
			defaultConfigurationName = Release;
		};
		8F5E9FCE1C38F3940035C87A /* Build configuration list for PBXNativeTarget "JKFocusMap-master" */ = {
			isa = XCConfigurationList;
			buildConfigurations = (
				8F5E9FCF1C38F3940035C87A /* Debug */,
				8F5E9FD01C38F3940035C87A /* Release */,
			);
			defaultConfigurationIsVisible = 0;
			defaultConfigurationName = Release;
		};
		8F5E9FD11C38F3940035C87A /* Build configuration list for PBXNativeTarget "JKFocusMap-masterTests" */ = {
			isa = XCConfigurationList;
			buildConfigurations = (
				8F5E9FD21C38F3940035C87A /* Debug */,
				8F5E9FD31C38F3940035C87A /* Release */,
			);
			defaultConfigurationIsVisible = 0;
			defaultConfigurationName = Release;
		};
		8F5E9FD41C38F3940035C87A /* Build configuration list for PBXNativeTarget "JKFocusMap-masterUITests" */ = {
			isa = XCConfigurationList;
			buildConfigurations = (
				8F5E9FD51C38F3940035C87A /* Debug */,
				8F5E9FD61C38F3940035C87A /* Release */,
			);
			defaultConfigurationIsVisible = 0;
			defaultConfigurationName = Release;
		};
/* End XCConfigurationList section */
	};
	rootObject = 8F5E9F991C38F3930035C87A /* Project object */;
}
